{
  "version": 4,
  "terraform_version": "1.7.3",
  "serial": 10,
  "lineage": "f85a104c-1576-91dc-d5fe-54235020966a",
  "outputs": {
    "PrivateIP": {
      "value": "172.31.32.134",
      "type": "string"
    },
    "PublicIP": {
      "value": "13.233.165.130",
      "type": "string"
    }
  },
  "resources": [
    {
      "mode": "managed",
      "type": "aws_instance",
      "name": "dove-instance",
      "provider": "provider[\"registry.terraform.io/hashicorp/aws\"]",
      "instances": [
        {
          "schema_version": 1,
          "attributes": {
            "ami": "ami-0ba259e664698cbfc",
            "arn": "arn:aws:ec2:ap-south-1:558979143475:instance/i-05f765afa61514f93",
            "associate_public_ip_address": true,
            "availability_zone": "ap-south-1a",
            "capacity_reservation_specification": [
              {
                "capacity_reservation_preference": "open",
                "capacity_reservation_target": []
              }
            ],
            "cpu_core_count": 1,
            "cpu_options": [
              {
                "amd_sev_snp": "",
                "core_count": 1,
                "threads_per_core": 1
              }
            ],
            "cpu_threads_per_core": 1,
            "credit_specification": [
              {
                "cpu_credits": "standard"
              }
            ],
            "disable_api_stop": false,
            "disable_api_termination": false,
            "ebs_block_device": [],
            "ebs_optimized": false,
            "enclave_options": [
              {
                "enabled": false
              }
            ],
            "ephemeral_block_device": [],
            "get_password_data": false,
            "hibernation": false,
            "host_id": "",
            "host_resource_group_arn": null,
            "iam_instance_profile": "",
            "id": "i-05f765afa61514f93",
            "instance_initiated_shutdown_behavior": "stop",
            "instance_lifecycle": "",
            "instance_market_options": [],
            "instance_state": "running",
            "instance_type": "t2.micro",
            "ipv6_address_count": 0,
            "ipv6_addresses": [],
            "key_name": "dovekey",
            "launch_template": [],
            "maintenance_options": [
              {
                "auto_recovery": "default"
              }
            ],
            "metadata_options": [
              {
                "http_endpoint": "enabled",
                "http_protocol_ipv6": "disabled",
                "http_put_response_hop_limit": 2,
                "http_tokens": "required",
                "instance_metadata_tags": "disabled"
              }
            ],
            "monitoring": false,
            "network_interface": [],
            "outpost_arn": "",
            "password_data": "",
            "placement_group": "",
            "placement_partition_number": 0,
            "primary_network_interface_id": "eni-03ef606299b65b8ab",
            "private_dns": "ip-172-31-32-134.ap-south-1.compute.internal",
            "private_dns_name_options": [
              {
                "enable_resource_name_dns_a_record": false,
                "enable_resource_name_dns_aaaa_record": false,
                "hostname_type": "ip-name"
              }
            ],
            "private_ip": "172.31.32.134",
            "public_dns": "ec2-13-233-165-130.ap-south-1.compute.amazonaws.com",
            "public_ip": "13.233.165.130",
            "root_block_device": [
              {
                "delete_on_termination": true,
                "device_name": "/dev/xvda",
                "encrypted": false,
                "iops": 3000,
                "kms_key_id": "",
                "tags": {},
                "tags_all": {},
                "throughput": 125,
                "volume_id": "vol-020eb190332ad2283",
                "volume_size": 8,
                "volume_type": "gp3"
              }
            ],
            "secondary_private_ips": [],
            "security_groups": [
              "terra-sg"
            ],
            "source_dest_check": true,
            "spot_instance_request_id": "",
            "subnet_id": "subnet-0fdf542e1b852f9f6",
            "tags": {
              "Name": "Dove_Instance"
            },
            "tags_all": {
              "Name": "Dove_Instance"
            },
            "tenancy": "default",
            "timeouts": null,
            "user_data": null,
            "user_data_base64": null,
            "user_data_replace_on_change": false,
            "volume_tags": null,
            "vpc_security_group_ids": [
              "sg-05b02be6579c044ec"
            ]
          },
          "sensitive_attributes": [],
          "private": "eyJlMmJmYjczMC1lY2FhLTExZTYtOGY4OC0zNDM2M2JjN2M0YzAiOnsiY3JlYXRlIjo2MDAwMDAwMDAwMDAsImRlbGV0ZSI6MTIwMDAwMDAwMDAwMCwicmVhZCI6OTAwMDAwMDAwMDAwLCJ1cGRhdGUiOjYwMDAwMDAwMDAwMH0sInNjaGVtYV92ZXJzaW9uIjoiMSJ9",
          "dependencies": [
            "aws_key_pair.dove-key"
          ]
        }
      ]
    },
    {
      "mode": "managed",
      "type": "aws_key_pair",
      "name": "dove-key",
      "provider": "provider[\"registry.terraform.io/hashicorp/aws\"]",
      "instances": [
        {
          "schema_version": 1,
          "attributes": {
            "arn": "arn:aws:ec2:ap-south-1:558979143475:key-pair/dovekey",
            "fingerprint": "d4:35:59:89:9e:1b:8f:d3:08:39:cf:ef:c7:81:80:39",
            "id": "dovekey",
            "key_name": "dovekey",
            "key_name_prefix": "",
            "key_pair_id": "key-0573e54a6e3333c6d",
            "key_type": "rsa",
            "public_key": "ssh-rsa AAAAB3NzaC1yc2EAAAADAQABAAABgQC9nrQPCAoOXPqjAEnM93iO16715Kn5ZMVwacB9bBUi5g+6UuFBLVmZEaff29cPAfUki2rI5lR6QjmWVth4xbKl1XHR2FZhRp0J6z/HTv5XKscITJN07dtIvqWv+Pw6yVnqWzd9aE5WDNUWK+1hYAWOCsFmE5iblEo+ffnSF1DAIRfHdsPDZTVnJCq5xJS2NttQRROPYaeTlwG2FCR8Fmi5SYRnMlut3u+RbX70B+WUZiSIDR8GfG4V8BJKM9nJzSukn73J/7lEImdsLIVIOkhGoNHoiXgQLhhWppuD88xmERl4t5XYanQGePvdwB5bXT7tKNN8vVLI7kyAbEWBPNdnQDBNObw480MyONNRSva5R+ckfCR2u9FIXf4apWF54pj5tEw8Oe4k13W1VhUQGPF8TwJQwKwKviZR39a3l5kiGh51G9BsM2OKyAy4hyGYPZgJsV74790Su2KyUsUmvha6fLhGu4et16EEJgvdunq3442Anoq+wpDIOGLTM3OKtic= gaurav mahato@DESKTOP-MDBDDLR",
            "tags": {},
            "tags_all": {}
          },
          "sensitive_attributes": [],
          "private": "eyJzY2hlbWFfdmVyc2lvbiI6IjEifQ=="
        }
      ]
    }
  ],
  "check_results": null
}
